<?xml version="1.0" encoding="utf-8"?>
<Project ToolsVersion="4.0" xmlns="http://schemas.microsoft.com/developer/msbuild/2003">
  <ItemGroup>
    <Filter Include="소스 파일">
      <UniqueIdentifier>{4FC737F1-C7A5-4376-A066-2A32D752A2FF}</UniqueIdentifier>
      <Extensions>cpp;c;cc;cxx;def;odl;idl;hpj;bat;asm;asmx</Extensions>
    </Filter>
    <Filter Include="헤더 파일">
      <UniqueIdentifier>{93995380-89BD-4b04-88EB-625FBE52EBFB}</UniqueIdentifier>
      <Extensions>h;hh;hpp;hxx;hm;inl;inc;xsd</Extensions>
    </Filter>
    <Filter Include="리소스 파일">
      <UniqueIdentifier>{67DA6AB6-F800-4c08-8B7A-83BB121AAD01}</UniqueIdentifier>
      <Extensions>rc;ico;cur;bmp;dlg;rc2;rct;bin;rgs;gif;jpg;jpeg;jpe;resx;tiff;tif;png;wav;mfcribbon-ms</Extensions>
    </Filter>
    <Filter Include="ext">
      <UniqueIdentifier>{aeeaedd2-bee1-47d6-9634-dfc58a802b76}</UniqueIdentifier>
    </Filter>
  </ItemGroup>
  <ItemGroup>
    <ClCompile Include="maintest.cpp">
      <Filter>소스 파일</Filter>
    </ClCompile>
    <ClCompile Include="EuropeanOption_lib.cpp">
      <Filter>소스 파일</Filter>
    </ClCompile>
    <ClCompile Include="..\SingleOption\Dividend.cpp">
      <Filter>ext</Filter>
    </ClCompile>
    <ClCompile Include="..\SingleOption\EuropeanOption.cpp">
      <Filter>ext</Filter>
    </ClCompile>
    <ClCompile Include="..\SingleOption\MarketParam.cpp">
      <Filter>ext</Filter>
    </ClCompile>
    <ClCompile Include="..\SingleOption\MarketParameters.cpp">
      <Filter>ext</Filter>
    </ClCompile>
    <ClCompile Include="..\SingleOption\PayoffCall.cpp">
      <Filter>ext</Filter>
    </ClCompile>
    <ClCompile Include="..\SingleOption\PayoffPut.cpp">
      <Filter>ext</Filter>
    </ClCompile>
    <ClCompile Include="..\SingleOption\Rate.cpp">
      <Filter>ext</Filter>
    </ClCompile>
    <ClCompile Include="..\SingleOption\volatility.cpp">
      <Filter>ext</Filter>
    </ClCompile>
    <ClCompile Include="..\..\..\..\LIB\klib\j_fd.cpp">
      <Filter>ext</Filter>
    </ClCompile>
    <ClCompile Include="..\..\..\..\LIB\klib\k_miscellaneous.cpp">
      <Filter>ext</Filter>
    </ClCompile>
    <ClCompile Include="..\SingleOption\EtcFunctions.cpp">
      <Filter>ext</Filter>
    </ClCompile>
    <ClCompile Include="..\SingleOption\EuropeanOptionMC.cpp">
      <Filter>ext</Filter>
    </ClCompile>
  </ItemGroup>
  <ItemGroup>
    <ClInclude Include="maintest.h">
      <Filter>헤더 파일</Filter>
    </ClInclude>
    <ClInclude Include="EuropeanOption_lib.h">
      <Filter>헤더 파일</Filter>
    </ClInclude>
    <ClInclude Include="..\..\..\..\LIB\klib\j_fd.h">
      <Filter>ext</Filter>
    </ClInclude>
    <ClInclude Include="..\..\..\..\LIB\klib\k_miscellaneous.hpp">
      <Filter>ext</Filter>
    </ClInclude>
  </ItemGroup>
  <ItemGroup>
    <None Include="EuropeanOption_lib.def">
      <Filter>소스 파일</Filter>
    </None>
  </ItemGroup>
</Project>