<?xml version="1.0" encoding="utf-8"?>
<Project ToolsVersion="4.0" xmlns="http://schemas.microsoft.com/developer/msbuild/2003">
  <ItemGroup>
    <Filter Include="소스 파일">
      <UniqueIdentifier>{4FC737F1-C7A5-4376-A066-2A32D752A2FF}</UniqueIdentifier>
      <Extensions>cpp;c;cc;cxx;def;odl;idl;hpj;bat;asm;asmx</Extensions>
    </Filter>
    <Filter Include="헤더 파일">
      <UniqueIdentifier>{93995380-89BD-4b04-88EB-625FBE52EBFB}</UniqueIdentifier>
      <Extensions>h;hh;hpp;hxx;hm;inl;inc;xsd</Extensions>
    </Filter>
    <Filter Include="리소스 파일">
      <UniqueIdentifier>{67DA6AB6-F800-4c08-8B7A-83BB121AAD01}</UniqueIdentifier>
      <Extensions>rc;ico;cur;bmp;dlg;rc2;rct;bin;rgs;gif;jpg;jpeg;jpe;resx;tiff;tif;png;wav;mfcribbon-ms</Extensions>
    </Filter>
    <Filter Include="ext">
      <UniqueIdentifier>{36743852-f360-499c-87a5-fffd21b114e2}</UniqueIdentifier>
    </Filter>
  </ItemGroup>
  <ItemGroup>
    <ClCompile Include="AmericanOption.cpp">
      <Filter>소스 파일</Filter>
    </ClCompile>
    <ClCompile Include="AsianOption.cpp">
      <Filter>소스 파일</Filter>
    </ClCompile>
    <ClCompile Include="AutocallOption.cpp">
      <Filter>소스 파일</Filter>
    </ClCompile>
    <ClCompile Include="BarrierOption.cpp">
      <Filter>소스 파일</Filter>
    </ClCompile>
    <ClCompile Include="Dividend.cpp">
      <Filter>소스 파일</Filter>
    </ClCompile>
    <ClCompile Include="EuropeanOption.cpp">
      <Filter>소스 파일</Filter>
    </ClCompile>
    <ClCompile Include="main5.cpp">
      <Filter>소스 파일</Filter>
    </ClCompile>
    <ClCompile Include="MarketParameters.cpp">
      <Filter>소스 파일</Filter>
    </ClCompile>
    <ClCompile Include="PayoffAutocallStd.cpp">
      <Filter>소스 파일</Filter>
    </ClCompile>
    <ClCompile Include="PayoffBarCUO.cpp">
      <Filter>소스 파일</Filter>
    </ClCompile>
    <ClCompile Include="PayoffBarPDO.cpp">
      <Filter>소스 파일</Filter>
    </ClCompile>
    <ClCompile Include="PayoffDigitalCall.cpp">
      <Filter>소스 파일</Filter>
    </ClCompile>
    <ClCompile Include="Rate.cpp">
      <Filter>소스 파일</Filter>
    </ClCompile>
    <ClCompile Include="volatility.cpp">
      <Filter>소스 파일</Filter>
    </ClCompile>
    <ClCompile Include="..\..\..\..\LIB\klib\j_fd.cpp">
      <Filter>ext</Filter>
    </ClCompile>
    <ClCompile Include="..\..\..\..\LIB\klib\k_BasicMath.cpp">
      <Filter>ext</Filter>
    </ClCompile>
    <ClCompile Include="..\..\..\..\LIB\klib\k_miscellaneous.cpp">
      <Filter>ext</Filter>
    </ClCompile>
    <ClCompile Include="..\..\..\..\LIB\klib\k_OptionFormula.cpp">
      <Filter>ext</Filter>
    </ClCompile>
    <ClCompile Include="..\..\..\..\LIB\klib\k_probability.cpp">
      <Filter>ext</Filter>
    </ClCompile>
    <ClCompile Include="PayoffPut.cpp">
      <Filter>소스 파일</Filter>
    </ClCompile>
    <ClCompile Include="PayoffCall.cpp">
      <Filter>소스 파일</Filter>
    </ClCompile>
    <ClCompile Include="MarketParam.cpp">
      <Filter>소스 파일</Filter>
    </ClCompile>
    <ClCompile Include="..\..\..\..\LIB\klib\EtcFunctions.cpp">
      <Filter>ext</Filter>
    </ClCompile>
    <ClCompile Include="PayoffAutocallSwap.cpp">
      <Filter>소스 파일</Filter>
    </ClCompile>
    <ClCompile Include="AutocallSwap.cpp">
      <Filter>소스 파일</Filter>
    </ClCompile>
  </ItemGroup>
  <ItemGroup>
    <ClInclude Include="AmericanOption.h">
      <Filter>헤더 파일</Filter>
    </ClInclude>
    <ClInclude Include="AsianOption.h">
      <Filter>헤더 파일</Filter>
    </ClInclude>
    <ClInclude Include="AutocallOption.h">
      <Filter>헤더 파일</Filter>
    </ClInclude>
    <ClInclude Include="BarrierOption.h">
      <Filter>헤더 파일</Filter>
    </ClInclude>
    <ClInclude Include="Dividend.h">
      <Filter>헤더 파일</Filter>
    </ClInclude>
    <ClInclude Include="EuropeanOption.h">
      <Filter>헤더 파일</Filter>
    </ClInclude>
    <ClInclude Include="MarketParameters.h">
      <Filter>헤더 파일</Filter>
    </ClInclude>
    <ClInclude Include="Payoff.h">
      <Filter>헤더 파일</Filter>
    </ClInclude>
    <ClInclude Include="PayoffAutocallStd.h">
      <Filter>헤더 파일</Filter>
    </ClInclude>
    <ClInclude Include="PayoffBarCUO.h">
      <Filter>헤더 파일</Filter>
    </ClInclude>
    <ClInclude Include="PayoffBarPDO.h">
      <Filter>헤더 파일</Filter>
    </ClInclude>
    <ClInclude Include="PayoffBarrier.h">
      <Filter>헤더 파일</Filter>
    </ClInclude>
    <ClInclude Include="PayoffCall.h">
      <Filter>헤더 파일</Filter>
    </ClInclude>
    <ClInclude Include="PayoffCUO.h">
      <Filter>헤더 파일</Filter>
    </ClInclude>
    <ClInclude Include="PayoffDigitalCall.h">
      <Filter>헤더 파일</Filter>
    </ClInclude>
    <ClInclude Include="Rate.h">
      <Filter>헤더 파일</Filter>
    </ClInclude>
    <ClInclude Include="volatility.h">
      <Filter>헤더 파일</Filter>
    </ClInclude>
    <ClInclude Include="..\..\..\..\LIB\klib\j_fd.h">
      <Filter>ext</Filter>
    </ClInclude>
    <ClInclude Include="..\..\..\..\LIB\klib\k_BasicMath.hpp">
      <Filter>ext</Filter>
    </ClInclude>
    <ClInclude Include="..\..\..\..\LIB\klib\k_miscellaneous.hpp">
      <Filter>ext</Filter>
    </ClInclude>
    <ClInclude Include="..\..\..\..\LIB\klib\k_OptionFormula.hpp">
      <Filter>ext</Filter>
    </ClInclude>
    <ClInclude Include="..\..\..\..\LIB\klib\k_probability.hpp">
      <Filter>ext</Filter>
    </ClInclude>
    <ClInclude Include="PayoffPut.h">
      <Filter>헤더 파일</Filter>
    </ClInclude>
    <ClInclude Include="MarketParam.h">
      <Filter>헤더 파일</Filter>
    </ClInclude>
    <ClInclude Include="..\..\..\..\LIB\klib\EtcFunctions.h">
      <Filter>ext</Filter>
    </ClInclude>
    <ClInclude Include="PayoffAutocallSwap.h">
      <Filter>헤더 파일</Filter>
    </ClInclude>
    <ClInclude Include="AutocallSwap.h">
      <Filter>헤더 파일</Filter>
    </ClInclude>
  </ItemGroup>
</Project>